
Microsoft Visual Studio Solution File, Format Version 12.00
# Visual Studio 15
VisualStudioVersion = 15.0.27004.2005
MinimumVisualStudioVersion = 10.0.40219.1
Project("{FAE04EC0-301F-11D3-BF4B-00C04F79EFBC}") = "WordFetch", "WordFetch\WordFetch.csproj", "{2EA2528E-DE35-483C-A303-E4EB015128FC}"
EndProject
Global
	GlobalSection(SolutionConfigurationPlatforms) = preSolution
		Debug|Any CPU = Debug|Any CPU
		Release|Any CPU = Release|Any CPU
	EndGlobalSection
	GlobalSection(ProjectConfigurationPlatforms) = postSolution
		{2EA2528E-DE35-483C-A303-E4EB015128FC}.Debug|Any CPU.ActiveCfg = Debug|Any CPU
		{2EA2528E-DE35-483C-A303-E4EB015128FC}.Debug|Any CPU.Build.0 = Debug|Any CPU
		{2EA2528E-DE35-483C-A303-E4EB015128FC}.Release|Any CPU.ActiveCfg = Release|Any CPU
		{2EA2528E-DE35-483C-A303-E4EB015128FC}.Release|Any CPU.Build.0 = Release|Any CPU
	EndGlobalSection
	GlobalSection(SolutionProperties) = preSolution
		HideSolutionNode = FALSE
	EndGlobalSection
	GlobalSection(ExtensibilityGlobals) = postSolution
		SolutionGuid = {D1E66FDA-2E43-42B1-B4C1-F0F764D81F25}
	EndGlobalSection
EndGlobal
